
Microsoft Visual Studio Solution File, Format Version 12.00
# Visual Studio Version 17
VisualStudioVersion = 17.8.34309.116
MinimumVisualStudioVersion = 10.0.40219.1
Project("{FAE04EC0-301F-11D3-BF4B-00C04F79EFBC}") = "SecretSanta.API", "SecretSanta.API\SecretSanta.API.csproj", "{08C14797-780A-42E2-93CB-799DD61F276B}"
EndProject
Global
	GlobalSection(SolutionConfigurationPlatforms) = preSolution
		Debug|Any CPU = Debug|Any CPU
		Release|Any CPU = Release|Any CPU
	EndGlobalSection
	GlobalSection(ProjectConfigurationPlatforms) = postSolution
		{08C14797-780A-42E2-93CB-799DD61F276B}.Debug|Any CPU.ActiveCfg = Debug|Any CPU
		{08C14797-780A-42E2-93CB-799DD61F276B}.Debug|Any CPU.Build.0 = Debug|Any CPU
		{08C14797-780A-42E2-93CB-799DD61F276B}.Release|Any CPU.ActiveCfg = Release|Any CPU
		{08C14797-780A-42E2-93CB-799DD61F276B}.Release|Any CPU.Build.0 = Release|Any CPU
	EndGlobalSection
	GlobalSection(SolutionProperties) = preSolution
		HideSolutionNode = FALSE
	EndGlobalSection
	GlobalSection(ExtensibilityGlobals) = postSolution
		SolutionGuid = {4081E643-AF8F-4A48-933E-AD70D5D943FB}
	EndGlobalSection
EndGlobal
